// !$*UTF8*$!
{
	archiveVersion = 1;
	classes = {
	};
	objectVersion = 46;
	objects = {

/* Begin PBXBuildFile section */
		BF17C2B31F72F6A200249800 /* AVFoundation.framework in Frameworks */ = {isa = PBXBuildFile; fileRef = BF17C2B21F72F6A200249800 /* AVFoundation.framework */; };
		BF1C95EF1F6B8E4F00C96A86 /* BounceButton.swift in Sources */ = {isa = PBXBuildFile; fileRef = BF1C95EE1F6B8E4F00C96A86 /* BounceButton.swift */; };
		BF2A51DF1F7443F500CAC235 /* GoogleMobileAds.framework in Frameworks */ = {isa = PBXBuildFile; fileRef = BF2A51DE1F7443F500CAC235 /* GoogleMobileAds.framework */; };
		BF2A51E11F74443400CAC235 /* GoogleService-Info.plist in Resources */ = {isa = PBXBuildFile; fileRef = BF2A51E01F74443400CAC235 /* GoogleService-Info.plist */; };
		BF2A51E21F744D4D00CAC235 /* GoogleMobileAds.framework in Resources */ = {isa = PBXBuildFile; fileRef = BF2A51DE1F7443F500CAC235 /* GoogleMobileAds.framework */; };
		BF2A51E31F744D4D00CAC235 /* AVFoundation.framework in Resources */ = {isa = PBXBuildFile; fileRef = BF17C2B21F72F6A200249800 /* AVFoundation.framework */; };
		BF2A51E51F748ABA00CAC235 /* StoreKit.framework in Frameworks */ = {isa = PBXBuildFile; fileRef = BF2A51E41F748ABA00CAC235 /* StoreKit.framework */; };
		BF2A51E81F749BF100CAC235 /* PurchaseManager.swift in Sources */ = {isa = PBXBuildFile; fileRef = BF2A51E71F749BF100CAC235 /* PurchaseManager.swift */; };
		BF89017F1F6278F60020E9DC /* Fvriosa.ttf in Resources */ = {isa = PBXBuildFile; fileRef = BF89017E1F6278F60020E9DC /* Fvriosa.ttf */; };
		BFA4C40A1F48B9E200BF4ED7 /* AppDelegate.swift in Sources */ = {isa = PBXBuildFile; fileRef = BFA4C4091F48B9E200BF4ED7 /* AppDelegate.swift */; };
		BFA4C40C1F48B9E200BF4ED7 /* ViewController.swift in Sources */ = {isa = PBXBuildFile; fileRef = BFA4C40B1F48B9E200BF4ED7 /* ViewController.swift */; };
		BFA4C40F1F48B9E300BF4ED7 /* Main.storyboard in Resources */ = {isa = PBXBuildFile; fileRef = BFA4C40D1F48B9E300BF4ED7 /* Main.storyboard */; };
		BFA4C4111F48B9E300BF4ED7 /* Assets.xcassets in Resources */ = {isa = PBXBuildFile; fileRef = BFA4C4101F48B9E300BF4ED7 /* Assets.xcassets */; };
		BFA4C4141F48B9E300BF4ED7 /* LaunchScreen.storyboard in Resources */ = {isa = PBXBuildFile; fileRef = BFA4C4121F48B9E300BF4ED7 /* LaunchScreen.storyboard */; };
		BFDD45201F7367D800DA8A31 /* hi_Mark.wav in Resources */ = {isa = PBXBuildFile; fileRef = BF17C2A61F72F51700249800 /* hi_Mark.wav */; };
		BFDD45211F7367D800DA8A31 /* introsong.wav in Resources */ = {isa = PBXBuildFile; fileRef = BF17C2A21F72F51700249800 /* introsong.wav */; };
		BFDD45221F7367D800DA8A31 /* its_a_good_bro_servey.wav in Resources */ = {isa = PBXBuildFile; fileRef = BF17C2A31F72F51700249800 /* its_a_good_bro_servey.wav */; };
		BFDD45231F7367D800DA8A31 /* rUgoodBro.wav in Resources */ = {isa = PBXBuildFile; fileRef = BF17C2A81F72F51800249800 /* rUgoodBro.wav */; };
		BFDD45241F7367D800DA8A31 /* savage_doggy.wav in Resources */ = {isa = PBXBuildFile; fileRef = BF17C2A71F72F51800249800 /* savage_doggy.wav */; };
		BFDD45251F7367D800DA8A31 /* whatsInTheBox.wav in Resources */ = {isa = PBXBuildFile; fileRef = BF17C2A51F72F51700249800 /* whatsInTheBox.wav */; };
		BFDD45261F7367D800DA8A31 /* whatspapping.wav in Resources */ = {isa = PBXBuildFile; fileRef = BF17C2A41F72F51700249800 /* whatspapping.wav */; };
		BFDD45271F7367D800DA8A31 /* drivingWithEven.wav in Resources */ = {isa = PBXBuildFile; fileRef = BF17C2AF1F72F53100249800 /* drivingWithEven.wav */; };
		BFDD45281F7367D800DA8A31 /* gotchubro.wav in Resources */ = {isa = PBXBuildFile; fileRef = BF17C2B01F72F53100249800 /* gotchubro.wav */; };
		BFDD45291F7367D800DA8A31 /* hoodie.wav in Resources */ = {isa = PBXBuildFile; fileRef = BF17C2AA1F72F53000249800 /* hoodie.wav */; };
		BFDD452A1F7367D800DA8A31 /* littleBrother.wav in Resources */ = {isa = PBXBuildFile; fileRef = BF17C2AC1F72F53000249800 /* littleBrother.wav */; };
		BFDD452B1F7367D800DA8A31 /* noHoney.wav in Resources */ = {isa = PBXBuildFile; fileRef = BF17C2A91F72F52F00249800 /* noHoney.wav */; };
		BFDD452C1F7367D800DA8A31 /* plates.wav in Resources */ = {isa = PBXBuildFile; fileRef = BF17C2AB1F72F53000249800 /* plates.wav */; };
		BFDD452D1F7367D800DA8A31 /* thatsMyBoy.wav in Resources */ = {isa = PBXBuildFile; fileRef = BF17C2AD1F72F53000249800 /* thatsMyBoy.wav */; };
		BFDD452E1F7367D800DA8A31 /* Yah yeet.wav in Resources */ = {isa = PBXBuildFile; fileRef = BF17C2AE1F72F53100249800 /* Yah yeet.wav */; };
/* End PBXBuildFile section */

/* Begin PBXFileReference section */
		BF17C2A21F72F51700249800 /* introsong.wav */ = {isa = PBXFileReference; lastKnownFileType = audio.wav; path = introsong.wav; sourceTree = "<group>"; };
		BF17C2A31F72F51700249800 /* its_a_good_bro_servey.wav */ = {isa = PBXFileReference; lastKnownFileType = audio.wav; path = its_a_good_bro_servey.wav; sourceTree = "<group>"; };
		BF17C2A41F72F51700249800 /* whatspapping.wav */ = {isa = PBXFileReference; lastKnownFileType = audio.wav; path = whatspapping.wav; sourceTree = "<group>"; };
		BF17C2A51F72F51700249800 /* whatsInTheBox.wav */ = {isa = PBXFileReference; lastKnownFileType = audio.wav; path = whatsInTheBox.wav; sourceTree = "<group>"; };
		BF17C2A61F72F51700249800 /* hi_Mark.wav */ = {isa = PBXFileReference; lastKnownFileType = audio.wav; path = hi_Mark.wav; sourceTree = "<group>"; };
		BF17C2A71F72F51800249800 /* savage_doggy.wav */ = {isa = PBXFileReference; lastKnownFileType = audio.wav; path = savage_doggy.wav; sourceTree = "<group>"; };
		BF17C2A81F72F51800249800 /* rUgoodBro.wav */ = {isa = PBXFileReference; lastKnownFileType = audio.wav; path = rUgoodBro.wav; sourceTree = "<group>"; };
		BF17C2A91F72F52F00249800 /* noHoney.wav */ = {isa = PBXFileReference; lastKnownFileType = audio.wav; path = noHoney.wav; sourceTree = "<group>"; };
		BF17C2AA1F72F53000249800 /* hoodie.wav */ = {isa = PBXFileReference; lastKnownFileType = audio.wav; path = hoodie.wav; sourceTree = "<group>"; };
		BF17C2AB1F72F53000249800 /* plates.wav */ = {isa = PBXFileReference; lastKnownFileType = audio.wav; path = plates.wav; sourceTree = "<group>"; };
		BF17C2AC1F72F53000249800 /* littleBrother.wav */ = {isa = PBXFileReference; lastKnownFileType = audio.wav; path = littleBrother.wav; sourceTree = "<group>"; };
		BF17C2AD1F72F53000249800 /* thatsMyBoy.wav */ = {isa = PBXFileReference; lastKnownFileType = audio.wav; path = thatsMyBoy.wav; sourceTree = "<group>"; };
		BF17C2AE1F72F53100249800 /* Yah yeet.wav */ = {isa = PBXFileReference; lastKnownFileType = audio.wav; path = "Yah yeet.wav"; sourceTree = "<group>"; };
		BF17C2AF1F72F53100249800 /* drivingWithEven.wav */ = {isa = PBXFileReference; lastKnownFileType = audio.wav; path = drivingWithEven.wav; sourceTree = "<group>"; };
		BF17C2B01F72F53100249800 /* gotchubro.wav */ = {isa = PBXFileReference; lastKnownFileType = audio.wav; path = gotchubro.wav; sourceTree = "<group>"; };
		BF17C2B21F72F6A200249800 /* AVFoundation.framework */ = {isa = PBXFileReference; lastKnownFileType = wrapper.framework; name = AVFoundation.framework; path = System/Library/Frameworks/AVFoundation.framework; sourceTree = SDKROOT; };
		BF1C95EE1F6B8E4F00C96A86 /* BounceButton.swift */ = {isa = PBXFileReference; fileEncoding = 4; lastKnownFileType = sourcecode.swift; path = BounceButton.swift; sourceTree = "<group>"; };
		BF2A51DE1F7443F500CAC235 /* GoogleMobileAds.framework */ = {isa = PBXFileReference; lastKnownFileType = wrapper.framework; path = GoogleMobileAds.framework; sourceTree = "<group>"; };
		BF2A51E01F74443400CAC235 /* GoogleService-Info.plist */ = {isa = PBXFileReference; fileEncoding = 4; lastKnownFileType = text.plist.xml; path = "GoogleService-Info.plist"; sourceTree = "<group>"; };
		BF2A51E41F748ABA00CAC235 /* StoreKit.framework */ = {isa = PBXFileReference; lastKnownFileType = wrapper.framework; name = StoreKit.framework; path = System/Library/Frameworks/StoreKit.framework; sourceTree = SDKROOT; };
		BF2A51E71F749BF100CAC235 /* PurchaseManager.swift */ = {isa = PBXFileReference; fileEncoding = 4; lastKnownFileType = sourcecode.swift; path = PurchaseManager.swift; sourceTree = "<group>"; };
		BF89017E1F6278F60020E9DC /* Fvriosa.ttf */ = {isa = PBXFileReference; lastKnownFileType = file; path = Fvriosa.ttf; sourceTree = "<group>"; };
		BFA4C4061F48B9E200BF4ED7 /* LoganPaulSoundBoard.app */ = {isa = PBXFileReference; explicitFileType = wrapper.application; includeInIndex = 0; path = LoganPaulSoundBoard.app; sourceTree = BUILT_PRODUCTS_DIR; };
		BFA4C4091F48B9E200BF4ED7 /* AppDelegate.swift */ = {isa = PBXFileReference; lastKnownFileType = sourcecode.swift; path = AppDelegate.swift; sourceTree = "<group>"; };
		BFA4C40B1F48B9E200BF4ED7 /* ViewController.swift */ = {isa = PBXFileReference; lastKnownFileType = sourcecode.swift; path = ViewController.swift; sourceTree = "<group>"; };
		BFA4C40E1F48B9E300BF4ED7 /* Base */ = {isa = PBXFileReference; lastKnownFileType = file.storyboard; name = Base; path = Base.lproj/Main.storyboard; sourceTree = "<group>"; };
		BFA4C4101F48B9E300BF4ED7 /* Assets.xcassets */ = {isa = PBXFileReference; lastKnownFileType = folder.assetcatalog; path = Assets.xcassets; sourceTree = "<group>"; };
		BFA4C4131F48B9E300BF4ED7 /* Base */ = {isa = PBXFileReference; lastKnownFileType = file.storyboard; name = Base; path = Base.lproj/LaunchScreen.storyboard; sourceTree = "<group>"; };
		BFA4C4151F48B9E300BF4ED7 /* Info.plist */ = {isa = PBXFileReference; lastKnownFileType = text.plist.xml; path = Info.plist; sourceTree = "<group>"; };
/* End PBXFileReference section */

/* Begin PBXFrameworksBuildPhase section */
		BFA4C4031F48B9E200BF4ED7 /* Frameworks */ = {
			isa = PBXFrameworksBuildPhase;
			buildActionMask = 2147483647;
			files = (
				BF2A51E51F748ABA00CAC235 /* StoreKit.framework in Frameworks */,
				BF2A51DF1F7443F500CAC235 /* GoogleMobileAds.framework in Frameworks */,
				BF17C2B31F72F6A200249800 /* AVFoundation.framework in Frameworks */,
			);
			runOnlyForDeploymentPostprocessing = 0;
		};
/* End PBXFrameworksBuildPhase section */

/* Begin PBXGroup section */
		BF17C2A11F72F4D600249800 /* sounds */ = {
			isa = PBXGroup;
			children = (
				BF17C2A61F72F51700249800 /* hi_Mark.wav */,
				BF17C2A21F72F51700249800 /* introsong.wav */,
				BF17C2A31F72F51700249800 /* its_a_good_bro_servey.wav */,
				BF17C2A81F72F51800249800 /* rUgoodBro.wav */,
				BF17C2A71F72F51800249800 /* savage_doggy.wav */,
				BF17C2A51F72F51700249800 /* whatsInTheBox.wav */,
				BF17C2A41F72F51700249800 /* whatspapping.wav */,
				BF17C2AF1F72F53100249800 /* drivingWithEven.wav */,
				BF17C2B01F72F53100249800 /* gotchubro.wav */,
				BF17C2AA1F72F53000249800 /* hoodie.wav */,
				BF17C2AC1F72F53000249800 /* littleBrother.wav */,
				BF17C2A91F72F52F00249800 /* noHoney.wav */,
				BF17C2AB1F72F53000249800 /* plates.wav */,
				BF17C2AD1F72F53000249800 /* thatsMyBoy.wav */,
				BF17C2AE1F72F53100249800 /* Yah yeet.wav */,
			);
			name = sounds;
			sourceTree = "<group>";
		};
		BF17C2B11F72F6A200249800 /* Frameworks */ = {
			isa = PBXGroup;
			children = (
				BF2A51E41F748ABA00CAC235 /* StoreKit.framework */,
				BF2A51DE1F7443F500CAC235 /* GoogleMobileAds.framework */,
				BF17C2B21F72F6A200249800 /* AVFoundation.framework */,
			);
			name = Frameworks;
			sourceTree = "<group>";
		};
		BF2A51E61F749BC100CAC235 /* Services */ = {
			isa = PBXGroup;
			children = (
				BF2A51E71F749BF100CAC235 /* PurchaseManager.swift */,
			);
			name = Services;
			sourceTree = "<group>";
		};
		BF3B04131F62F16800975DA5 /* Controllers */ = {
			isa = PBXGroup;
			children = (
				BFA4C40B1F48B9E200BF4ED7 /* ViewController.swift */,
				BF1C95EE1F6B8E4F00C96A86 /* BounceButton.swift */,
			);
			name = Controllers;
			sourceTree = "<group>";
		};
		BF8901801F6279090020E9DC /* fonts */ = {
			isa = PBXGroup;
			children = (
				BF89017E1F6278F60020E9DC /* Fvriosa.ttf */,
			);
			name = fonts;
			sourceTree = "<group>";
		};
		BFA4C3FD1F48B9E200BF4ED7 = {
			isa = PBXGroup;
			children = (
				BF2A51E01F74443400CAC235 /* GoogleService-Info.plist */,
				BFA4C4081F48B9E200BF4ED7 /* LoganPaulSoundBoard */,
				BFA4C4071F48B9E200BF4ED7 /* Products */,
				BF17C2B11F72F6A200249800 /* Frameworks */,
			);
			sourceTree = "<group>";
		};
		BFA4C4071F48B9E200BF4ED7 /* Products */ = {
			isa = PBXGroup;
			children = (
				BFA4C4061F48B9E200BF4ED7 /* LoganPaulSoundBoard.app */,
			);
			name = Products;
			sourceTree = "<group>";
		};
		BFA4C4081F48B9E200BF4ED7 /* LoganPaulSoundBoard */ = {
			isa = PBXGroup;
			children = (
				BF2A51E61F749BC100CAC235 /* Services */,
				BF17C2A11F72F4D600249800 /* sounds */,
				BF8901801F6279090020E9DC /* fonts */,
				BF3B04131F62F16800975DA5 /* Controllers */,
				BFA4C40D1F48B9E300BF4ED7 /* Main.storyboard */,
				BFA4C4091F48B9E200BF4ED7 /* AppDelegate.swift */,
				BFA4C4101F48B9E300BF4ED7 /* Assets.xcassets */,
				BFA4C4121F48B9E300BF4ED7 /* LaunchScreen.storyboard */,
				BFA4C4151F48B9E300BF4ED7 /* Info.plist */,
			);
			path = LoganPaulSoundBoard;
			sourceTree = "<group>";
		};
/* End PBXGroup section */

/* Begin PBXNativeTarget section */
		BFA4C4051F48B9E200BF4ED7 /* LoganPaulSoundBoard */ = {
			isa = PBXNativeTarget;
			buildConfigurationList = BFA4C4181F48B9E300BF4ED7 /* Build configuration list for PBXNativeTarget "LoganPaulSoundBoard" */;
			buildPhases = (
				BFA4C4021F48B9E200BF4ED7 /* Sources */,
				BFA4C4031F48B9E200BF4ED7 /* Frameworks */,
				BFA4C4041F48B9E200BF4ED7 /* Resources */,
			);
			buildRules = (
			);
			dependencies = (
			);
			name = LoganPaulSoundBoard;
			productName = LoganPaulSoundBoard;
			productReference = BFA4C4061F48B9E200BF4ED7 /* LoganPaulSoundBoard.app */;
			productType = "com.apple.product-type.application";
		};
/* End PBXNativeTarget section */

/* Begin PBXProject section */
		BFA4C3FE1F48B9E200BF4ED7 /* Project object */ = {
			isa = PBXProject;
			attributes = {
				LastSwiftUpdateCheck = 0820;
				LastUpgradeCheck = 0900;
				ORGANIZATIONNAME = DmitryRTV;
				TargetAttributes = {
					BFA4C4051F48B9E200BF4ED7 = {
						CreatedOnToolsVersion = 8.2.1;
						DevelopmentTeam = 53SC4HX862;
						LastSwiftMigration = 0900;
						ProvisioningStyle = Automatic;
						SystemCapabilities = {
							com.apple.InAppPurchase = {
								enabled = 1;
							};
						};
					};
				};
			};
			buildConfigurationList = BFA4C4011F48B9E200BF4ED7 /* Build configuration list for PBXProject "LoganPaulSoundBoard" */;
			compatibilityVersion = "Xcode 3.2";
			developmentRegion = English;
			hasScannedForEncodings = 0;
			knownRegions = (
				en,
				Base,
			);
			mainGroup = BFA4C3FD1F48B9E200BF4ED7;
			productRefGroup = BFA4C4071F48B9E200BF4ED7 /* Products */;
			projectDirPath = "";
			projectRoot = "";
			targets = (
				BFA4C4051F48B9E200BF4ED7 /* LoganPaulSoundBoard */,
			);
		};
/* End PBXProject section */

/* Begin PBXResourcesBuildPhase section */
		BFA4C4041F48B9E200BF4ED7 /* Resources */ = {
			isa = PBXResourcesBuildPhase;
			buildActionMask = 2147483647;
			files = (
				BF2A51E21F744D4D00CAC235 /* GoogleMobileAds.framework in Resources */,
				BF2A51E31F744D4D00CAC235 /* AVFoundation.framework in Resources */,
				BFDD45201F7367D800DA8A31 /* hi_Mark.wav in Resources */,
				BFDD45211F7367D800DA8A31 /* introsong.wav in Resources */,
				BFDD45221F7367D800DA8A31 /* its_a_good_bro_servey.wav in Resources */,
				BFDD45231F7367D800DA8A31 /* rUgoodBro.wav in Resources */,
				BFDD45241F7367D800DA8A31 /* savage_doggy.wav in Resources */,
				BFDD45251F7367D800DA8A31 /* whatsInTheBox.wav in Resources */,
				BFDD45261F7367D800DA8A31 /* whatspapping.wav in Resources */,
				BFDD45271F7367D800DA8A31 /* drivingWithEven.wav in Resources */,
				BFDD45281F7367D800DA8A31 /* gotchubro.wav in Resources */,
				BFDD45291F7367D800DA8A31 /* hoodie.wav in Resources */,
				BFDD452A1F7367D800DA8A31 /* littleBrother.wav in Resources */,
				BFDD452B1F7367D800DA8A31 /* noHoney.wav in Resources */,
				BFDD452C1F7367D800DA8A31 /* plates.wav in Resources */,
				BFDD452D1F7367D800DA8A31 /* thatsMyBoy.wav in Resources */,
				BFDD452E1F7367D800DA8A31 /* Yah yeet.wav in Resources */,
				BFA4C4141F48B9E300BF4ED7 /* LaunchScreen.storyboard in Resources */,
				BFA4C4111F48B9E300BF4ED7 /* Assets.xcassets in Resources */,
				BF2A51E11F74443400CAC235 /* GoogleService-Info.plist in Resources */,
				BFA4C40F1F48B9E300BF4ED7 /* Main.storyboard in Resources */,
				BF89017F1F6278F60020E9DC /* Fvriosa.ttf in Resources */,
			);
			runOnlyForDeploymentPostprocessing = 0;
		};
/* End PBXResourcesBuildPhase section */

/* Begin PBXSourcesBuildPhase section */
		BFA4C4021F48B9E200BF4ED7 /* Sources */ = {
			isa = PBXSourcesBuildPhase;
			buildActionMask = 2147483647;
			files = (
				BFA4C40C1F48B9E200BF4ED7 /* ViewController.swift in Sources */,
				BFA4C40A1F48B9E200BF4ED7 /* AppDelegate.swift in Sources */,
				BF2A51E81F749BF100CAC235 /* PurchaseManager.swift in Sources */,
				BF1C95EF1F6B8E4F00C96A86 /* BounceButton.swift in Sources */,
			);
			runOnlyForDeploymentPostprocessing = 0;
		};
/* End PBXSourcesBuildPhase section */

/* Begin PBXVariantGroup section */
		BFA4C40D1F48B9E300BF4ED7 /* Main.storyboard */ = {
			isa = PBXVariantGroup;
			children = (
				BFA4C40E1F48B9E300BF4ED7 /* Base */,
			);
			name = Main.storyboard;
			sourceTree = "<group>";
		};
		BFA4C4121F48B9E300BF4ED7 /* LaunchScreen.storyboard */ = {
			isa = PBXVariantGroup;
			children = (
				BFA4C4131F48B9E300BF4ED7 /* Base */,
			);
			name = LaunchScreen.storyboard;
			sourceTree = "<group>";
		};
/* End PBXVariantGroup section */

/* Begin XCBuildConfiguration section */
		BFA4C4161F48B9E300BF4ED7 /* Debug */ = {
			isa = XCBuildConfiguration;
			buildSettings = {
				ALWAYS_SEARCH_USER_PATHS = NO;
				CLANG_ANALYZER_NONNULL = YES;
				CLANG_CXX_LANGUAGE_STANDARD = "gnu++0x";
				CLANG_CXX_LIBRARY = "libc++";
				CLANG_ENABLE_MODULES = YES;
				CLANG_ENABLE_OBJC_ARC = YES;
				CLANG_WARN_BLOCK_CAPTURE_AUTORELEASING = YES;
				CLANG_WARN_BOOL_CONVERSION = YES;
				CLANG_WARN_COMMA = YES;
				CLANG_WARN_CONSTANT_CONVERSION = YES;
				CLANG_WARN_DIRECT_OBJC_ISA_USAGE = YES_ERROR;
				CLANG_WARN_DOCUMENTATION_COMMENTS = YES;
				CLANG_WARN_EMPTY_BODY = YES;
				CLANG_WARN_ENUM_CONVERSION = YES;
				CLANG_WARN_INFINITE_RECURSION = YES;
				CLANG_WARN_INT_CONVERSION = YES;
				CLANG_WARN_NON_LITERAL_NULL_CONVERSION = YES;
				CLANG_WARN_OBJC_LITERAL_CONVERSION = YES;
				CLANG_WARN_OBJC_ROOT_CLASS = YES_ERROR;
				CLANG_WARN_RANGE_LOOP_ANALYSIS = YES;
				CLANG_WARN_STRICT_PROTOTYPES = YES;
				CLANG_WARN_SUSPICIOUS_MOVE = YES;
				CLANG_WARN_UNREACHABLE_CODE = YES;
				CLANG_WARN__DUPLICATE_METHOD_MATCH = YES;
				"CODE_SIGN_IDENTITY[sdk=iphoneos*]" = "iPhone Developer";
				COPY_PHASE_STRIP = NO;
				DEBUG_INFORMATION_FORMAT = dwarf;
				ENABLE_STRICT_OBJC_MSGSEND = YES;
				ENABLE_TESTABILITY = YES;
				GCC_C_LANGUAGE_STANDARD = gnu99;
				GCC_DYNAMIC_NO_PIC = NO;
				GCC_NO_COMMON_BLOCKS = YES;
				GCC_OPTIMIZATION_LEVEL = 0;
				GCC_PREPROCESSOR_DEFINITIONS = (
					"DEBUG=1",
					"$(inherited)",
				);
				GCC_WARN_64_TO_32_BIT_CONVERSION = YES;
				GCC_WARN_ABOUT_RETURN_TYPE = YES_ERROR;
				GCC_WARN_UNDECLARED_SELECTOR = YES;
				GCC_WARN_UNINITIALIZED_AUTOS = YES_AGGRESSIVE;
				GCC_WARN_UNUSED_FUNCTION = YES;
				GCC_WARN_UNUSED_VARIABLE = YES;
				IPHONEOS_DEPLOYMENT_TARGET = 10.2;
				MTL_ENABLE_DEBUG_INFO = YES;
				ONLY_ACTIVE_ARCH = YES;
				SDKROOT = iphoneos;
				SWIFT_ACTIVE_COMPILATION_CONDITIONS = DEBUG;
				SWIFT_OPTIMIZATION_LEVEL = "-Onone";
				SWIFT_VERSION = 3.0;
				TARGETED_DEVICE_FAMILY = "1,2";
			};
			name = Debug;
		};
		BFA4C4171F48B9E300BF4ED7 /* Release */ = {
			isa = XCBuildConfiguration;
			buildSettings = {
				ALWAYS_SEARCH_USER_PATHS = NO;
				CLANG_ANALYZER_NONNULL = YES;
				CLANG_CXX_LANGUAGE_STANDARD = "gnu++0x";
				CLANG_CXX_LIBRARY = "libc++";
				CLANG_ENABLE_MODULES = YES;
				CLANG_ENABLE_OBJC_ARC = YES;
				CLANG_WARN_BLOCK_CAPTURE_AUTORELEASING = YES;
				CLANG_WARN_BOOL_CONVERSION = YES;
				CLANG_WARN_COMMA = YES;
				CLANG_WARN_CONSTANT_CONVERSION = YES;
				CLANG_WARN_DIRECT_OBJC_ISA_USAGE = YES_ERROR;
				CLANG_WARN_DOCUMENTATION_COMMENTS = YES;
				CLANG_WARN_EMPTY_BODY = YES;
				CLANG_WARN_ENUM_CONVERSION = YES;
				CLANG_WARN_INFINITE_RECURSION = YES;
				CLANG_WARN_INT_CONVERSION = YES;
				CLANG_WARN_NON_LITERAL_NULL_CONVERSION = YES;
				CLANG_WARN_OBJC_LITERAL_CONVERSION = YES;
				CLANG_WARN_OBJC_ROOT_CLASS = YES_ERROR;
				CLANG_WARN_RANGE_LOOP_ANALYSIS = YES;
				CLANG_WARN_STRICT_PROTOTYPES = YES;
				CLANG_WARN_SUSPICIOUS_MOVE = YES;
				CLANG_WARN_UNREACHABLE_CODE = YES;
				CLANG_WARN__DUPLICATE_METHOD_MATCH = YES;
				"CODE_SIGN_IDENTITY[sdk=iphoneos*]" = "iPhone Developer";
				COPY_PHASE_STRIP = NO;
				DEBUG_INFORMATION_FORMAT = "dwarf-with-dsym";
				ENABLE_NS_ASSERTIONS = NO;
				ENABLE_STRICT_OBJC_MSGSEND = YES;
				GCC_C_LANGUAGE_STANDARD = gnu99;
				GCC_NO_COMMON_BLOCKS = YES;
				GCC_WARN_64_TO_32_BIT_CONVERSION = YES;
				GCC_WARN_ABOUT_RETURN_TYPE = YES_ERROR;
				GCC_WARN_UNDECLARED_SELECTOR = YES;
				GCC_WARN_UNINITIALIZED_AUTOS = YES_AGGRESSIVE;
				GCC_WARN_UNUSED_FUNCTION = YES;
				GCC_WARN_UNUSED_VARIABLE = YES;
				IPHONEOS_DEPLOYMENT_TARGET = 10.2;
				MTL_ENABLE_DEBUG_INFO = NO;
				SDKROOT = iphoneos;
				SWIFT_OPTIMIZATION_LEVEL = "-Owholemodule";
				SWIFT_VERSION = 3.0;
				TARGETED_DEVICE_FAMILY = "1,2";
				VALIDATE_PRODUCT = YES;
			};
			name = Release;
		};
		BFA4C4191F48B9E300BF4ED7 /* Debug */ = {
			isa = XCBuildConfiguration;
			buildSettings = {
				ASSETCATALOG_COMPILER_APPICON_NAME = AppIcon;
				DEVELOPMENT_TEAM = 53SC4HX862;
				ENABLE_BITCODE = NO;
				FRAMEWORK_SEARCH_PATHS = (
					"$(inherited)",
					"$(PROJECT_DIR)",
				);
				INFOPLIST_FILE = LoganPaulSoundBoard/Info.plist;
				LD_RUNPATH_SEARCH_PATHS = "$(inherited) @executable_path/Frameworks";
				PRODUCT_BUNDLE_IDENTIFIER = DmitryRTV.LoganPaulSoundBoard;
				PRODUCT_NAME = "$(TARGET_NAME)";
				SWIFT_SWIFT3_OBJC_INFERENCE = Off;
				SWIFT_VERSION = 3.0;
				TARGETED_DEVICE_FAMILY = "1,2";
			};
			name = Debug;
		};
		BFA4C41A1F48B9E300BF4ED7 /* Release */ = {
			isa = XCBuildConfiguration;
			buildSettings = {
				ASSETCATALOG_COMPILER_APPICON_NAME = AppIcon;
				DEVELOPMENT_TEAM = 53SC4HX862;
				ENABLE_BITCODE = NO;
				FRAMEWORK_SEARCH_PATHS = (
					"$(inherited)",
					"$(PROJECT_DIR)",
				);
				INFOPLIST_FILE = LoganPaulSoundBoard/Info.plist;
				LD_RUNPATH_SEARCH_PATHS = "$(inherited) @executable_path/Frameworks";
				PRODUCT_BUNDLE_IDENTIFIER = DmitryRTV.LoganPaulSoundBoard;
				PRODUCT_NAME = "$(TARGET_NAME)";
				SWIFT_SWIFT3_OBJC_INFERENCE = Off;
				SWIFT_VERSION = 3.0;
				TARGETED_DEVICE_FAMILY = "1,2";
			};
			name = Release;
		};
/* End XCBuildConfiguration section */

/* Begin XCConfigurationList section */
		BFA4C4011F48B9E200BF4ED7 /* Build configuration list for PBXProject "LoganPaulSoundBoard" */ = {
			isa = XCConfigurationList;
			buildConfigurations = (
				BFA4C4161F48B9E300BF4ED7 /* Debug */,
				BFA4C4171F48B9E300BF4ED7 /* Release */,
			);
			defaultConfigurationIsVisible = 0;
			defaultConfigurationName = Release;
		};
		BFA4C4181F48B9E300BF4ED7 /* Build configuration list for PBXNativeTarget "LoganPaulSoundBoard" */ = {
			isa = XCConfigurationList;
			buildConfigurations = (
				BFA4C4191F48B9E300BF4ED7 /* Debug */,
				BFA4C41A1F48B9E300BF4ED7 /* Release */,
			);
			defaultConfigurationIsVisible = 0;
			defaultConfigurationName = Release;
		};
/* End XCConfigurationList section */
	};
	rootObject = BFA4C3FE1F48B9E200BF4ED7 /* Project object */;
}
